
Microsoft Visual Studio Solution File, Format Version 12.00
# Visual Studio Version 16
VisualStudioVersion = 16.0.30413.136
MinimumVisualStudioVersion = 10.0.40219.1
Project("{FAE04EC0-301F-11D3-BF4B-00C04F79EFBC}") = "CaveGame.Server.ConsoleApp", "CaveGame.Server.ConsoleApp\CaveGame.Server.ConsoleApp.csproj", "{6054A2E5-1DAB-4388-B637-CAF8E09D5F4D}"
EndProject
Project("{FAE04EC0-301F-11D3-BF4B-00C04F79EFBC}") = "CaveGame.Client.DesktopGL", "CaveGame.Client.DesktopGL\CaveGame.Client.DesktopGL.csproj", "{5A087D37-E807-4229-B91C-51555198AFBC}"
EndProject
Project("{D954291E-2A0B-460D-934E-DC6B0785DB48}") = "CaveGame.Client", "CaveGame.Client\CaveGame.Client.shproj", "{D3ACAB99-F010-400F-86F1-C2772BC56B94}"
EndProject
Project("{D954291E-2A0B-460D-934E-DC6B0785DB48}") = "CaveGame.Common", "CaveGame.Common\CaveGame.Common.shproj", "{A0CDBD0E-3A41-42B7-9425-A838BC2C7383}"
EndProject
Project("{D954291E-2A0B-460D-934E-DC6B0785DB48}") = "CaveGame.Server", "CaveGame.Server\CaveGame.Server.shproj", "{97C00592-E703-4C2A-8DF6-2E04C8F9B523}"
EndProject
Global
	GlobalSection(SharedMSBuildProjectFiles) = preSolution
		DataManagement\DataManagement.projitems*{1a5d2272-8bf3-4436-8460-c4a466758971}*SharedItemsImports = 13
		Core\CaveCore.projitems*{733dfad9-4d0f-46f6-913d-6f4bef29b30d}*SharedItemsImports = 5
		DataManagement\DataManagement.projitems*{733dfad9-4d0f-46f6-913d-6f4bef29b30d}*SharedItemsImports = 5
		Server\CaveServer.projitems*{733dfad9-4d0f-46f6-913d-6f4bef29b30d}*SharedItemsImports = 5
		DataManagement\DataManagement.projitems*{744827bf-baff-4c1b-97c8-28f166f1806d}*SharedItemsImports = 5
		Server\CaveServer.projitems*{97c00592-e703-4c2a-8df6-2e04c8f9b523}*SharedItemsImports = 13
		Core\CaveCore.projitems*{a0cdbd0e-3a41-42b7-9425-a838bc2c7383}*SharedItemsImports = 13
		Client\Client.projitems*{a49a2aa0-a8b2-4163-a5a2-16ea271424fa}*SharedItemsImports = 5
		Core\CaveCore.projitems*{a49a2aa0-a8b2-4163-a5a2-16ea271424fa}*SharedItemsImports = 5
		DataManagement\DataManagement.projitems*{a49a2aa0-a8b2-4163-a5a2-16ea271424fa}*SharedItemsImports = 5
		Server\CaveServer.projitems*{a49a2aa0-a8b2-4163-a5a2-16ea271424fa}*SharedItemsImports = 5
		Core\CaveCore.projitems*{cc2dd308-102c-410e-9f4f-96138e9f68c4}*SharedItemsImports = 5
		DataManagement\DataManagement.projitems*{cc2dd308-102c-410e-9f4f-96138e9f68c4}*SharedItemsImports = 5
		Client\Client.projitems*{d3acab99-f010-400f-86f1-c2772bc56b94}*SharedItemsImports = 13
	EndGlobalSection
	GlobalSection(SolutionConfigurationPlatforms) = preSolution
		Debug|Any CPU = Debug|Any CPU
		Debug|x86 = Debug|x86
		Release|Any CPU = Release|Any CPU
		Release|x86 = Release|x86
	EndGlobalSection
	GlobalSection(ProjectConfigurationPlatforms) = postSolution
		{6054A2E5-1DAB-4388-B637-CAF8E09D5F4D}.Debug|Any CPU.ActiveCfg = Debug|Any CPU
		{6054A2E5-1DAB-4388-B637-CAF8E09D5F4D}.Debug|Any CPU.Build.0 = Debug|Any CPU
		{6054A2E5-1DAB-4388-B637-CAF8E09D5F4D}.Debug|x86.ActiveCfg = Debug|Any CPU
		{6054A2E5-1DAB-4388-B637-CAF8E09D5F4D}.Debug|x86.Build.0 = Debug|Any CPU
		{6054A2E5-1DAB-4388-B637-CAF8E09D5F4D}.Release|Any CPU.ActiveCfg = Release|Any CPU
		{6054A2E5-1DAB-4388-B637-CAF8E09D5F4D}.Release|Any CPU.Build.0 = Release|Any CPU
		{6054A2E5-1DAB-4388-B637-CAF8E09D5F4D}.Release|x86.ActiveCfg = Release|Any CPU
		{6054A2E5-1DAB-4388-B637-CAF8E09D5F4D}.Release|x86.Build.0 = Release|Any CPU
		{5A087D37-E807-4229-B91C-51555198AFBC}.Debug|Any CPU.ActiveCfg = Debug|Any CPU
		{5A087D37-E807-4229-B91C-51555198AFBC}.Debug|Any CPU.Build.0 = Debug|Any CPU
		{5A087D37-E807-4229-B91C-51555198AFBC}.Debug|x86.ActiveCfg = Debug|x86
		{5A087D37-E807-4229-B91C-51555198AFBC}.Debug|x86.Build.0 = Debug|x86
		{5A087D37-E807-4229-B91C-51555198AFBC}.Release|Any CPU.ActiveCfg = Release|Any CPU
		{5A087D37-E807-4229-B91C-51555198AFBC}.Release|Any CPU.Build.0 = Release|Any CPU
		{5A087D37-E807-4229-B91C-51555198AFBC}.Release|x86.ActiveCfg = Release|x86
		{5A087D37-E807-4229-B91C-51555198AFBC}.Release|x86.Build.0 = Release|x86
	EndGlobalSection
	GlobalSection(SolutionProperties) = preSolution
		HideSolutionNode = FALSE
	EndGlobalSection
	GlobalSection(ExtensibilityGlobals) = postSolution
		SolutionGuid = {13352D72-36A7-42A4-99F3-CBF6ACBC10B9}
	EndGlobalSection
EndGlobal
